
Microsoft Visual Studio Solution File, Format Version 12.00
# Visual Studio Version 17
VisualStudioVersion = 17.14.36414.22 d17.14
MinimumVisualStudioVersion = 10.0.40219.1
Project("{FAE04EC0-301F-11D3-BF4B-00C04F79EFBC}") = "FutbolAnalizPazari", "FutbolAnalizPazari\FutbolAnalizPazari.csproj", "{C96B0105-9401-45FD-9BE3-82B346608AF2}"
EndProject
Global
	GlobalSection(SolutionConfigurationPlatforms) = preSolution
		Debug|Any CPU = Debug|Any CPU
		Release|Any CPU = Release|Any CPU
	EndGlobalSection
	GlobalSection(ProjectConfigurationPlatforms) = postSolution
		{C96B0105-9401-45FD-9BE3-82B346608AF2}.Debug|Any CPU.ActiveCfg = Debug|Any CPU
		{C96B0105-9401-45FD-9BE3-82B346608AF2}.Debug|Any CPU.Build.0 = Debug|Any CPU
		{C96B0105-9401-45FD-9BE3-82B346608AF2}.Release|Any CPU.ActiveCfg = Release|Any CPU
		{C96B0105-9401-45FD-9BE3-82B346608AF2}.Release|Any CPU.Build.0 = Release|Any CPU
	EndGlobalSection
	GlobalSection(SolutionProperties) = preSolution
		HideSolutionNode = FALSE
	EndGlobalSection
	GlobalSection(ExtensibilityGlobals) = postSolution
		SolutionGuid = {587950B1-EC39-4034-93EC-44F2FDAA5B5F}
	EndGlobalSection
EndGlobal
